
Microsoft Visual Studio Solution File, Format Version 12.00
# Visual Studio Version 17
VisualStudioVersion = 17.7.34018.315
MinimumVisualStudioVersion = 10.0.40219.1
Project("{FAE04EC0-301F-11D3-BF4B-00C04F79EFBC}") = "ItaliaPizza-Cliente", "ItaliaPizza-Cliente.csproj", "{020265B1-1785-44A9-9A22-503A9BD46D50}"
EndProject
Global
	GlobalSection(SolutionConfigurationPlatforms) = preSolution
		Debug|Any CPU = Debug|Any CPU
		Release|Any CPU = Release|Any CPU
	EndGlobalSection
	GlobalSection(ProjectConfigurationPlatforms) = postSolution
		{020265B1-1785-44A9-9A22-503A9BD46D50}.Debug|Any CPU.ActiveCfg = Debug|Any CPU
		{020265B1-1785-44A9-9A22-503A9BD46D50}.Debug|Any CPU.Build.0 = Debug|Any CPU
		{020265B1-1785-44A9-9A22-503A9BD46D50}.Release|Any CPU.ActiveCfg = Release|Any CPU
		{020265B1-1785-44A9-9A22-503A9BD46D50}.Release|Any CPU.Build.0 = Release|Any CPU
	EndGlobalSection
	GlobalSection(SolutionProperties) = preSolution
		HideSolutionNode = FALSE
	EndGlobalSection
	GlobalSection(ExtensibilityGlobals) = postSolution
		SolutionGuid = {D3416B8C-38EF-4D68-B8DA-079B9628C096}
	EndGlobalSection
EndGlobal
