
Microsoft Visual Studio Solution File, Format Version 12.00
# Visual Studio Version 17
VisualStudioVersion = 17.7.34018.315
MinimumVisualStudioVersion = 10.0.40219.1
Project("{FAE04EC0-301F-11D3-BF4B-00C04F79EFBC}") = "ItaliaPizza-Servicios", "ItaliaPizza-Servicios\ItaliaPizza-Servicios.csproj", "{0EFB9D5E-35D6-459A-807B-4BFCDCA8AE48}"
EndProject
Project("{FAE04EC0-301F-11D3-BF4B-00C04F79EFBC}") = "ItaliaPizza-Host", "ItaliaPizza-Host\ItaliaPizza-Host.csproj", "{4E2B10BE-DBA0-47A9-A658-FA72B4D52E3C}"
EndProject
Project("{FAE04EC0-301F-11D3-BF4B-00C04F79EFBC}") = "ItaliaPizza-DataAccess", "ItaliaPizza-DataAccess\ItaliaPizza-DataAccess.csproj", "{9F81E538-2B9B-4DE8-A2EF-DB84C07FDCC6}"
EndProject
Project("{FAE04EC0-301F-11D3-BF4B-00C04F79EFBC}") = "ItaliaPizza-Contratos", "ItaliaPizza-Contratos\ItaliaPizza-Contratos.csproj", "{AC163CAD-9D78-43BB-9D76-A7F3777BAA60}"
EndProject
Project("{FAE04EC0-301F-11D3-BF4B-00C04F79EFBC}") = "ItaliaPizza-PruebasUnitarias", "ItaliaPizza-PruebasUnitarias\ItaliaPizza-PruebasUnitarias.csproj", "{39118567-DF5C-47FE-B43E-0DAFA0DF3CF3}"
EndProject
Global
	GlobalSection(SolutionConfigurationPlatforms) = preSolution
		Debug|Any CPU = Debug|Any CPU
		Release|Any CPU = Release|Any CPU
	EndGlobalSection
	GlobalSection(ProjectConfigurationPlatforms) = postSolution
		{0EFB9D5E-35D6-459A-807B-4BFCDCA8AE48}.Debug|Any CPU.ActiveCfg = Debug|Any CPU
		{0EFB9D5E-35D6-459A-807B-4BFCDCA8AE48}.Debug|Any CPU.Build.0 = Debug|Any CPU
		{0EFB9D5E-35D6-459A-807B-4BFCDCA8AE48}.Release|Any CPU.ActiveCfg = Release|Any CPU
		{0EFB9D5E-35D6-459A-807B-4BFCDCA8AE48}.Release|Any CPU.Build.0 = Release|Any CPU
		{4E2B10BE-DBA0-47A9-A658-FA72B4D52E3C}.Debug|Any CPU.ActiveCfg = Debug|Any CPU
		{4E2B10BE-DBA0-47A9-A658-FA72B4D52E3C}.Debug|Any CPU.Build.0 = Debug|Any CPU
		{4E2B10BE-DBA0-47A9-A658-FA72B4D52E3C}.Release|Any CPU.ActiveCfg = Release|Any CPU
		{4E2B10BE-DBA0-47A9-A658-FA72B4D52E3C}.Release|Any CPU.Build.0 = Release|Any CPU
		{9F81E538-2B9B-4DE8-A2EF-DB84C07FDCC6}.Debug|Any CPU.ActiveCfg = Debug|Any CPU
		{9F81E538-2B9B-4DE8-A2EF-DB84C07FDCC6}.Debug|Any CPU.Build.0 = Debug|Any CPU
		{9F81E538-2B9B-4DE8-A2EF-DB84C07FDCC6}.Release|Any CPU.ActiveCfg = Release|Any CPU
		{9F81E538-2B9B-4DE8-A2EF-DB84C07FDCC6}.Release|Any CPU.Build.0 = Release|Any CPU
		{AC163CAD-9D78-43BB-9D76-A7F3777BAA60}.Debug|Any CPU.ActiveCfg = Debug|Any CPU
		{AC163CAD-9D78-43BB-9D76-A7F3777BAA60}.Debug|Any CPU.Build.0 = Debug|Any CPU
		{AC163CAD-9D78-43BB-9D76-A7F3777BAA60}.Release|Any CPU.ActiveCfg = Release|Any CPU
		{AC163CAD-9D78-43BB-9D76-A7F3777BAA60}.Release|Any CPU.Build.0 = Release|Any CPU
		{39118567-DF5C-47FE-B43E-0DAFA0DF3CF3}.Debug|Any CPU.ActiveCfg = Debug|Any CPU
		{39118567-DF5C-47FE-B43E-0DAFA0DF3CF3}.Debug|Any CPU.Build.0 = Debug|Any CPU
		{39118567-DF5C-47FE-B43E-0DAFA0DF3CF3}.Release|Any CPU.ActiveCfg = Release|Any CPU
		{39118567-DF5C-47FE-B43E-0DAFA0DF3CF3}.Release|Any CPU.Build.0 = Release|Any CPU
	EndGlobalSection
	GlobalSection(SolutionProperties) = preSolution
		HideSolutionNode = FALSE
	EndGlobalSection
	GlobalSection(ExtensibilityGlobals) = postSolution
		SolutionGuid = {D2A9FCCF-381A-4D08-AD2A-DE91819D0055}
	EndGlobalSection
EndGlobal
